
Microsoft Visual Studio Solution File, Format Version 12.00
# Visual Studio Version 16
VisualStudioVersion = 16.0.33328.57
MinimumVisualStudioVersion = 10.0.40219.1
Project("{9092AA53-FB77-4645-B42D-1CCCA6BD08BD}") = "FeesManagement", "FeesManagement\FeesManagement.njsproj", "{ECC90DE2-1AF1-46C0-A66F-F72408164D9B}"
EndProject
Global
	GlobalSection(SolutionConfigurationPlatforms) = preSolution
		Debug|Any CPU = Debug|Any CPU
		Release|Any CPU = Release|Any CPU
	EndGlobalSection
	GlobalSection(ProjectConfigurationPlatforms) = postSolution
		{ECC90DE2-1AF1-46C0-A66F-F72408164D9B}.Debug|Any CPU.ActiveCfg = Debug|Any CPU
		{ECC90DE2-1AF1-46C0-A66F-F72408164D9B}.Debug|Any CPU.Build.0 = Debug|Any CPU
		{ECC90DE2-1AF1-46C0-A66F-F72408164D9B}.Release|Any CPU.ActiveCfg = Release|Any CPU
		{ECC90DE2-1AF1-46C0-A66F-F72408164D9B}.Release|Any CPU.Build.0 = Release|Any CPU
	EndGlobalSection
	GlobalSection(SolutionProperties) = preSolution
		HideSolutionNode = FALSE
	EndGlobalSection
	GlobalSection(ExtensibilityGlobals) = postSolution
		SolutionGuid = {14330E60-A93D-4858-9863-2A2EF983984F}
	EndGlobalSection
EndGlobal
